
Microsoft Visual Studio Solution File, Format Version 12.00
# Visual Studio Version 17
VisualStudioVersion = 17.5.002.0
MinimumVisualStudioVersion = 10.0.40219.1
Project("{9A19103F-16F7-4668-BE54-9A1E7A4F7556}") = "primer-programa", "primer-programa\primer-programa.csproj", "{B32443F2-BB36-445B-80A3-05F4D387CCA5}"
EndProject
Global
	GlobalSection(SolutionConfigurationPlatforms) = preSolution
		Debug|Any CPU = Debug|Any CPU
		Release|Any CPU = Release|Any CPU
	EndGlobalSection
	GlobalSection(ProjectConfigurationPlatforms) = postSolution
		{B32443F2-BB36-445B-80A3-05F4D387CCA5}.Debug|Any CPU.ActiveCfg = Debug|Any CPU
		{B32443F2-BB36-445B-80A3-05F4D387CCA5}.Debug|Any CPU.Build.0 = Debug|Any CPU
		{B32443F2-BB36-445B-80A3-05F4D387CCA5}.Release|Any CPU.ActiveCfg = Release|Any CPU
		{B32443F2-BB36-445B-80A3-05F4D387CCA5}.Release|Any CPU.Build.0 = Release|Any CPU
	EndGlobalSection
	GlobalSection(SolutionProperties) = preSolution
		HideSolutionNode = FALSE
	EndGlobalSection
	GlobalSection(ExtensibilityGlobals) = postSolution
		SolutionGuid = {29FF84FD-A073-43A2-AACC-98EDE223B0C6}
	EndGlobalSection
EndGlobal
